
Microsoft Visual Studio Solution File, Format Version 12.00
# Visual Studio Version 17
VisualStudioVersion = 17.6.33815.320
MinimumVisualStudioVersion = 10.0.40219.1
Project("{9A19103F-16F7-4668-BE54-9A1E7A4F7556}") = "Crescent.WinForms", "Crescent.WinForms\Crescent.WinForms.csproj", "{51CE1592-7B9A-4450-B1D0-4B5145BA5B37}"
EndProject
Project("{9A19103F-16F7-4668-BE54-9A1E7A4F7556}") = "Crescent.WebApi", "Crescent.WebApi\Crescent.WebApi.csproj", "{07318B80-B958-4D4F-9057-F40F327BBF31}"
EndProject
Project("{54A90642-561A-4BB1-A94E-469ADEE60C69}") = "crescent.react.ui", "Crescent.React.UI\crescent.react.ui.esproj", "{EF8D5EE9-25A8-4E11-99B6-2AD9A5DFDEA9}"
EndProject
Project("{2150E333-8FDC-42A3-9474-1A3956D46DE8}") = "LINQPad Queries", "LINQPad Queries", "{990354CE-F8EF-4061-9689-875901CDD1A5}"
	ProjectSection(SolutionItems) = preProject
		LINQPad Queries\001_Innovation_Day_Chat.linq = LINQPad Queries\001_Innovation_Day_Chat.linq
		LINQPad Queries\002_Innovation_Day_Conversation.linq = LINQPad Queries\002_Innovation_Day_Conversation.linq
	EndProjectSection
EndProject
Project("{2150E333-8FDC-42A3-9474-1A3956D46DE8}") = "Solution Items", "Solution Items", "{46D577A9-8219-4B46-84D3-3D0123CFFF69}"
EndProject
Project("{2150E333-8FDC-42A3-9474-1A3956D46DE8}") = "TestData", "TestData", "{FE354E2F-E2BB-4EAA-AEF7-2E00D4CAB47D}"
	ProjectSection(SolutionItems) = preProject
		TestData\TP_Applications_For_AskCSV_2.txt = TestData\TP_Applications_For_AskCSV_2.txt
	EndProjectSection
EndProject
Project("{FAE04EC0-301F-11D3-BF4B-00C04F79EFBC}") = "WindowsFormsApp1", "WindowsFormsApp1\WindowsFormsApp1.csproj", "{D83CBCD2-0196-441E-9816-D6B050FCCC9F}"
EndProject
Global
	GlobalSection(SolutionConfigurationPlatforms) = preSolution
		Debug|Any CPU = Debug|Any CPU
		Release|Any CPU = Release|Any CPU
	EndGlobalSection
	GlobalSection(ProjectConfigurationPlatforms) = postSolution
		{51CE1592-7B9A-4450-B1D0-4B5145BA5B37}.Debug|Any CPU.ActiveCfg = Debug|Any CPU
		{51CE1592-7B9A-4450-B1D0-4B5145BA5B37}.Debug|Any CPU.Build.0 = Debug|Any CPU
		{51CE1592-7B9A-4450-B1D0-4B5145BA5B37}.Release|Any CPU.ActiveCfg = Release|Any CPU
		{51CE1592-7B9A-4450-B1D0-4B5145BA5B37}.Release|Any CPU.Build.0 = Release|Any CPU
		{07318B80-B958-4D4F-9057-F40F327BBF31}.Debug|Any CPU.ActiveCfg = Debug|Any CPU
		{07318B80-B958-4D4F-9057-F40F327BBF31}.Debug|Any CPU.Build.0 = Debug|Any CPU
		{07318B80-B958-4D4F-9057-F40F327BBF31}.Release|Any CPU.ActiveCfg = Release|Any CPU
		{07318B80-B958-4D4F-9057-F40F327BBF31}.Release|Any CPU.Build.0 = Release|Any CPU
		{EF8D5EE9-25A8-4E11-99B6-2AD9A5DFDEA9}.Debug|Any CPU.ActiveCfg = Debug|Any CPU
		{EF8D5EE9-25A8-4E11-99B6-2AD9A5DFDEA9}.Debug|Any CPU.Build.0 = Debug|Any CPU
		{EF8D5EE9-25A8-4E11-99B6-2AD9A5DFDEA9}.Debug|Any CPU.Deploy.0 = Debug|Any CPU
		{EF8D5EE9-25A8-4E11-99B6-2AD9A5DFDEA9}.Release|Any CPU.ActiveCfg = Release|Any CPU
		{EF8D5EE9-25A8-4E11-99B6-2AD9A5DFDEA9}.Release|Any CPU.Build.0 = Release|Any CPU
		{EF8D5EE9-25A8-4E11-99B6-2AD9A5DFDEA9}.Release|Any CPU.Deploy.0 = Release|Any CPU
		{D83CBCD2-0196-441E-9816-D6B050FCCC9F}.Debug|Any CPU.ActiveCfg = Debug|Any CPU
		{D83CBCD2-0196-441E-9816-D6B050FCCC9F}.Debug|Any CPU.Build.0 = Debug|Any CPU
		{D83CBCD2-0196-441E-9816-D6B050FCCC9F}.Release|Any CPU.ActiveCfg = Release|Any CPU
		{D83CBCD2-0196-441E-9816-D6B050FCCC9F}.Release|Any CPU.Build.0 = Release|Any CPU
	EndGlobalSection
	GlobalSection(SolutionProperties) = preSolution
		HideSolutionNode = FALSE
	EndGlobalSection
	GlobalSection(NestedProjects) = preSolution
		{FE354E2F-E2BB-4EAA-AEF7-2E00D4CAB47D} = {46D577A9-8219-4B46-84D3-3D0123CFFF69}
	EndGlobalSection
	GlobalSection(ExtensibilityGlobals) = postSolution
		SolutionGuid = {E92F52DF-777C-461D-9BF2-90F715BD2693}
	EndGlobalSection
EndGlobal
